{
  "name": "DiscoElysiumWiki",
  "lockfileVersion": 2,
  "requires": true,
  "packages": {
    "": {
      "dependencies": {
        "@miniprogram-component-plus/sticky": "^1.0.1",
        "@vant/weapp": "^1.10.4"
      }
    },
    "node_modules/@miniprogram-component-plus/sticky": {
      "version": "1.0.1",
      "resolved": "https://registry.npmjs.org/@miniprogram-component-plus/sticky/-/sticky-1.0.1.tgz",
      "integrity": "sha512-HYZ/PCm8KjUSQYwMLG61bhHBKU8s9aDx5Tl2BvruAku8bvEbyd8A3Povpb9V6lPPvsD/oXp2R7/GmgsCgDuI4g=="
    },
    "node_modules/@vant/weapp": {
      "version": "1.10.4",
      "resolved": "https://registry.npmjs.org/@vant/weapp/-/weapp-1.10.4.tgz",
      "integrity": "sha512-S0T6myy4Ve4ZClRujJKP1Eu5hP5GFkVeQH587uakhacrQ+9Fp23gfnmo+dKMf7FbjTRqQu+ehxcr0Ba75iV8HA=="
    }
  },
  "dependencies": {
    "@miniprogram-component-plus/sticky": {
      "version": "1.0.1",
      "resolved": "https://registry.npmjs.org/@miniprogram-component-plus/sticky/-/sticky-1.0.1.tgz",
      "integrity": "sha512-HYZ/PCm8KjUSQYwMLG61bhHBKU8s9aDx5Tl2BvruAku8bvEbyd8A3Povpb9V6lPPvsD/oXp2R7/GmgsCgDuI4g=="
    },
    "@vant/weapp": {
      "version": "1.10.4",
      "resolved": "https://registry.npmjs.org/@vant/weapp/-/weapp-1.10.4.tgz",
      "integrity": "sha512-S0T6myy4Ve4ZClRujJKP1Eu5hP5GFkVeQH587uakhacrQ+9Fp23gfnmo+dKMf7FbjTRqQu+ehxcr0Ba75iV8HA=="
    }
  }
}
